
Microsoft Visual Studio Solution File, Format Version 12.00
# Visual Studio Version 17
VisualStudioVersion = 17.0.31903.59
MinimumVisualStudioVersion = 10.0.40219.1
Project("{2150E333-8FDC-42A3-9474-1A3956D46DE8}") = "src", "src", "{827E0CD3-B72D-47B6-A68D-7590B98EB39B}"
EndProject
Project("{FAE04EC0-301F-11D3-BF4B-00C04F79EFBC}") = "NVBM.Domain", "src\NVBM.Domain\NVBM.Domain.csproj", "{57F28F67-AD4C-44B3-8086-D27B3D4D3B8E}"
EndProject
Project("{FAE04EC0-301F-11D3-BF4B-00C04F79EFBC}") = "NVBM.Application", "src\NVBM.Application\NVBM.Application.csproj", "{02DCCCA3-26E6-47D6-8DCF-627B249F0ADE}"
EndProject
Project("{FAE04EC0-301F-11D3-BF4B-00C04F79EFBC}") = "NVBM.Infrastructure", "src\NVBM.Infrastructure\NVBM.Infrastructure.csproj", "{4B7AE2E3-DB9F-4AA0-9499-3A7DF6B5A7F4}"
EndProject
Project("{FAE04EC0-301F-11D3-BF4B-00C04F79EFBC}") = "NVBM.AppHost", "src\NVBM.AppHost\NVBM.AppHost.csproj", "{4EE02623-3AA2-40AC-BEA2-B659D2040119}"
EndProject
Project("{FAE04EC0-301F-11D3-BF4B-00C04F79EFBC}") = "NVBM.ServiceDefaults", "src\NVBM.ServiceDefaults\NVBM.ServiceDefaults.csproj", "{09A5EAA1-3077-469A-8DB0-CF882A06F36B}"
EndProject
Project("{FAE04EC0-301F-11D3-BF4B-00C04F79EFBC}") = "NVBM.Catalog.API", "src\NVBM.Catalog.API\NVBM.Catalog.API.csproj", "{A7A27988-8633-4B8A-8632-6BAE204837BC}"
EndProject
Project("{FAE04EC0-301F-11D3-BF4B-00C04F79EFBC}") = "NVBM.Barcode.API", "src\NVBM.Barcode.API\NVBM.Barcode.API.csproj", "{BBD309A7-F8B4-44C3-BD1B-8A3AE71CA0D7}"
EndProject
Project("{FAE04EC0-301F-11D3-BF4B-00C04F79EFBC}") = "NVBM.Gateway", "src\NVBM.Gateway\NVBM.Gateway.csproj", "{4C5F84E3-37D4-47AF-941E-E93E89631686}"
EndProject
Project("{FAE04EC0-301F-11D3-BF4B-00C04F79EFBC}") = "NVBM.Inventory.API", "src\NVBM.Inventory.API\NVBM.Inventory.API.csproj", "{631FEF65-5538-49C5-BC52-3823B5F2F7E4}"
EndProject
Project("{FAE04EC0-301F-11D3-BF4B-00C04F79EFBC}") = "NVBM.Promotion.API", "src\NVBM.Promotion.API\NVBM.Promotion.API.csproj", "{F91A2A6C-7C18-4E06-8618-4CF66C14A3F7}"
EndProject
Project("{FAE04EC0-301F-11D3-BF4B-00C04F79EFBC}") = "NVBM.Shift.API", "src\NVBM.Shift.API\NVBM.Shift.API.csproj", "{D6644786-EB0B-4D4C-AC86-409F7411C080}"
EndProject
Global
	GlobalSection(SolutionConfigurationPlatforms) = preSolution
		Debug|Any CPU = Debug|Any CPU
		Debug|x64 = Debug|x64
		Debug|x86 = Debug|x86
		Release|Any CPU = Release|Any CPU
		Release|x64 = Release|x64
		Release|x86 = Release|x86
	EndGlobalSection
	GlobalSection(ProjectConfigurationPlatforms) = postSolution
		{57F28F67-AD4C-44B3-8086-D27B3D4D3B8E}.Debug|Any CPU.ActiveCfg = Debug|Any CPU
		{57F28F67-AD4C-44B3-8086-D27B3D4D3B8E}.Debug|Any CPU.Build.0 = Debug|Any CPU
		{57F28F67-AD4C-44B3-8086-D27B3D4D3B8E}.Debug|x64.ActiveCfg = Debug|Any CPU
		{57F28F67-AD4C-44B3-8086-D27B3D4D3B8E}.Debug|x64.Build.0 = Debug|Any CPU
		{57F28F67-AD4C-44B3-8086-D27B3D4D3B8E}.Debug|x86.ActiveCfg = Debug|Any CPU
		{57F28F67-AD4C-44B3-8086-D27B3D4D3B8E}.Debug|x86.Build.0 = Debug|Any CPU
		{57F28F67-AD4C-44B3-8086-D27B3D4D3B8E}.Release|Any CPU.ActiveCfg = Release|Any CPU
		{57F28F67-AD4C-44B3-8086-D27B3D4D3B8E}.Release|Any CPU.Build.0 = Release|Any CPU
		{57F28F67-AD4C-44B3-8086-D27B3D4D3B8E}.Release|x64.ActiveCfg = Release|Any CPU
		{57F28F67-AD4C-44B3-8086-D27B3D4D3B8E}.Release|x64.Build.0 = Release|Any CPU
		{57F28F67-AD4C-44B3-8086-D27B3D4D3B8E}.Release|x86.ActiveCfg = Release|Any CPU
		{57F28F67-AD4C-44B3-8086-D27B3D4D3B8E}.Release|x86.Build.0 = Release|Any CPU
		{02DCCCA3-26E6-47D6-8DCF-627B249F0ADE}.Debug|Any CPU.ActiveCfg = Debug|Any CPU
		{02DCCCA3-26E6-47D6-8DCF-627B249F0ADE}.Debug|Any CPU.Build.0 = Debug|Any CPU
		{02DCCCA3-26E6-47D6-8DCF-627B249F0ADE}.Debug|x64.ActiveCfg = Debug|Any CPU
		{02DCCCA3-26E6-47D6-8DCF-627B249F0ADE}.Debug|x64.Build.0 = Debug|Any CPU
		{02DCCCA3-26E6-47D6-8DCF-627B249F0ADE}.Debug|x86.ActiveCfg = Debug|Any CPU
		{02DCCCA3-26E6-47D6-8DCF-627B249F0ADE}.Debug|x86.Build.0 = Debug|Any CPU
		{02DCCCA3-26E6-47D6-8DCF-627B249F0ADE}.Release|Any CPU.ActiveCfg = Release|Any CPU
		{02DCCCA3-26E6-47D6-8DCF-627B249F0ADE}.Release|Any CPU.Build.0 = Release|Any CPU
		{02DCCCA3-26E6-47D6-8DCF-627B249F0ADE}.Release|x64.ActiveCfg = Release|Any CPU
		{02DCCCA3-26E6-47D6-8DCF-627B249F0ADE}.Release|x64.Build.0 = Release|Any CPU
		{02DCCCA3-26E6-47D6-8DCF-627B249F0ADE}.Release|x86.ActiveCfg = Release|Any CPU
		{02DCCCA3-26E6-47D6-8DCF-627B249F0ADE}.Release|x86.Build.0 = Release|Any CPU
		{4B7AE2E3-DB9F-4AA0-9499-3A7DF6B5A7F4}.Debug|Any CPU.ActiveCfg = Debug|Any CPU
		{4B7AE2E3-DB9F-4AA0-9499-3A7DF6B5A7F4}.Debug|Any CPU.Build.0 = Debug|Any CPU
		{4B7AE2E3-DB9F-4AA0-9499-3A7DF6B5A7F4}.Debug|x64.ActiveCfg = Debug|Any CPU
		{4B7AE2E3-DB9F-4AA0-9499-3A7DF6B5A7F4}.Debug|x64.Build.0 = Debug|Any CPU
		{4B7AE2E3-DB9F-4AA0-9499-3A7DF6B5A7F4}.Debug|x86.ActiveCfg = Debug|Any CPU
		{4B7AE2E3-DB9F-4AA0-9499-3A7DF6B5A7F4}.Debug|x86.Build.0 = Debug|Any CPU
		{4B7AE2E3-DB9F-4AA0-9499-3A7DF6B5A7F4}.Release|Any CPU.ActiveCfg = Release|Any CPU
		{4B7AE2E3-DB9F-4AA0-9499-3A7DF6B5A7F4}.Release|Any CPU.Build.0 = Release|Any CPU
		{4B7AE2E3-DB9F-4AA0-9499-3A7DF6B5A7F4}.Release|x64.ActiveCfg = Release|Any CPU
		{4B7AE2E3-DB9F-4AA0-9499-3A7DF6B5A7F4}.Release|x64.Build.0 = Release|Any CPU
		{4B7AE2E3-DB9F-4AA0-9499-3A7DF6B5A7F4}.Release|x86.ActiveCfg = Release|Any CPU
		{4B7AE2E3-DB9F-4AA0-9499-3A7DF6B5A7F4}.Release|x86.Build.0 = Release|Any CPU
		{4EE02623-3AA2-40AC-BEA2-B659D2040119}.Debug|Any CPU.ActiveCfg = Debug|Any CPU
		{4EE02623-3AA2-40AC-BEA2-B659D2040119}.Debug|Any CPU.Build.0 = Debug|Any CPU
		{4EE02623-3AA2-40AC-BEA2-B659D2040119}.Debug|x64.ActiveCfg = Debug|Any CPU
		{4EE02623-3AA2-40AC-BEA2-B659D2040119}.Debug|x64.Build.0 = Debug|Any CPU
		{4EE02623-3AA2-40AC-BEA2-B659D2040119}.Debug|x86.ActiveCfg = Debug|Any CPU
		{4EE02623-3AA2-40AC-BEA2-B659D2040119}.Debug|x86.Build.0 = Debug|Any CPU
		{4EE02623-3AA2-40AC-BEA2-B659D2040119}.Release|Any CPU.ActiveCfg = Release|Any CPU
		{4EE02623-3AA2-40AC-BEA2-B659D2040119}.Release|Any CPU.Build.0 = Release|Any CPU
		{4EE02623-3AA2-40AC-BEA2-B659D2040119}.Release|x64.ActiveCfg = Release|Any CPU
		{4EE02623-3AA2-40AC-BEA2-B659D2040119}.Release|x64.Build.0 = Release|Any CPU
		{4EE02623-3AA2-40AC-BEA2-B659D2040119}.Release|x86.ActiveCfg = Release|Any CPU
		{4EE02623-3AA2-40AC-BEA2-B659D2040119}.Release|x86.Build.0 = Release|Any CPU
		{09A5EAA1-3077-469A-8DB0-CF882A06F36B}.Debug|Any CPU.ActiveCfg = Debug|Any CPU
		{09A5EAA1-3077-469A-8DB0-CF882A06F36B}.Debug|Any CPU.Build.0 = Debug|Any CPU
		{09A5EAA1-3077-469A-8DB0-CF882A06F36B}.Debug|x64.ActiveCfg = Debug|Any CPU
		{09A5EAA1-3077-469A-8DB0-CF882A06F36B}.Debug|x64.Build.0 = Debug|Any CPU
		{09A5EAA1-3077-469A-8DB0-CF882A06F36B}.Debug|x86.ActiveCfg = Debug|Any CPU
		{09A5EAA1-3077-469A-8DB0-CF882A06F36B}.Debug|x86.Build.0 = Debug|Any CPU
		{09A5EAA1-3077-469A-8DB0-CF882A06F36B}.Release|Any CPU.ActiveCfg = Release|Any CPU
		{09A5EAA1-3077-469A-8DB0-CF882A06F36B}.Release|Any CPU.Build.0 = Release|Any CPU
		{09A5EAA1-3077-469A-8DB0-CF882A06F36B}.Release|x64.ActiveCfg = Release|Any CPU
		{09A5EAA1-3077-469A-8DB0-CF882A06F36B}.Release|x64.Build.0 = Release|Any CPU
		{09A5EAA1-3077-469A-8DB0-CF882A06F36B}.Release|x86.ActiveCfg = Release|Any CPU
		{09A5EAA1-3077-469A-8DB0-CF882A06F36B}.Release|x86.Build.0 = Release|Any CPU
		{A7A27988-8633-4B8A-8632-6BAE204837BC}.Debug|Any CPU.ActiveCfg = Debug|Any CPU
		{A7A27988-8633-4B8A-8632-6BAE204837BC}.Debug|Any CPU.Build.0 = Debug|Any CPU
		{A7A27988-8633-4B8A-8632-6BAE204837BC}.Debug|x64.ActiveCfg = Debug|Any CPU
		{A7A27988-8633-4B8A-8632-6BAE204837BC}.Debug|x64.Build.0 = Debug|Any CPU
		{A7A27988-8633-4B8A-8632-6BAE204837BC}.Debug|x86.ActiveCfg = Debug|Any CPU
		{A7A27988-8633-4B8A-8632-6BAE204837BC}.Debug|x86.Build.0 = Debug|Any CPU
		{A7A27988-8633-4B8A-8632-6BAE204837BC}.Release|Any CPU.ActiveCfg = Release|Any CPU
		{A7A27988-8633-4B8A-8632-6BAE204837BC}.Release|Any CPU.Build.0 = Release|Any CPU
		{A7A27988-8633-4B8A-8632-6BAE204837BC}.Release|x64.ActiveCfg = Release|Any CPU
		{A7A27988-8633-4B8A-8632-6BAE204837BC}.Release|x64.Build.0 = Release|Any CPU
		{A7A27988-8633-4B8A-8632-6BAE204837BC}.Release|x86.ActiveCfg = Release|Any CPU
		{A7A27988-8633-4B8A-8632-6BAE204837BC}.Release|x86.Build.0 = Release|Any CPU
		{BBD309A7-F8B4-44C3-BD1B-8A3AE71CA0D7}.Debug|Any CPU.ActiveCfg = Debug|Any CPU
		{BBD309A7-F8B4-44C3-BD1B-8A3AE71CA0D7}.Debug|Any CPU.Build.0 = Debug|Any CPU
		{BBD309A7-F8B4-44C3-BD1B-8A3AE71CA0D7}.Debug|x64.ActiveCfg = Debug|Any CPU
		{BBD309A7-F8B4-44C3-BD1B-8A3AE71CA0D7}.Debug|x64.Build.0 = Debug|Any CPU
		{BBD309A7-F8B4-44C3-BD1B-8A3AE71CA0D7}.Debug|x86.ActiveCfg = Debug|Any CPU
		{BBD309A7-F8B4-44C3-BD1B-8A3AE71CA0D7}.Debug|x86.Build.0 = Debug|Any CPU
		{BBD309A7-F8B4-44C3-BD1B-8A3AE71CA0D7}.Release|Any CPU.ActiveCfg = Release|Any CPU
		{BBD309A7-F8B4-44C3-BD1B-8A3AE71CA0D7}.Release|Any CPU.Build.0 = Release|Any CPU
		{BBD309A7-F8B4-44C3-BD1B-8A3AE71CA0D7}.Release|x64.ActiveCfg = Release|Any CPU
		{BBD309A7-F8B4-44C3-BD1B-8A3AE71CA0D7}.Release|x64.Build.0 = Release|Any CPU
		{BBD309A7-F8B4-44C3-BD1B-8A3AE71CA0D7}.Release|x86.ActiveCfg = Release|Any CPU
		{BBD309A7-F8B4-44C3-BD1B-8A3AE71CA0D7}.Release|x86.Build.0 = Release|Any CPU
		{4C5F84E3-37D4-47AF-941E-E93E89631686}.Debug|Any CPU.ActiveCfg = Debug|Any CPU
		{4C5F84E3-37D4-47AF-941E-E93E89631686}.Debug|Any CPU.Build.0 = Debug|Any CPU
		{4C5F84E3-37D4-47AF-941E-E93E89631686}.Debug|x64.ActiveCfg = Debug|Any CPU
		{4C5F84E3-37D4-47AF-941E-E93E89631686}.Debug|x64.Build.0 = Debug|Any CPU
		{4C5F84E3-37D4-47AF-941E-E93E89631686}.Debug|x86.ActiveCfg = Debug|Any CPU
		{4C5F84E3-37D4-47AF-941E-E93E89631686}.Debug|x86.Build.0 = Debug|Any CPU
		{4C5F84E3-37D4-47AF-941E-E93E89631686}.Release|Any CPU.ActiveCfg = Release|Any CPU
		{4C5F84E3-37D4-47AF-941E-E93E89631686}.Release|Any CPU.Build.0 = Release|Any CPU
		{4C5F84E3-37D4-47AF-941E-E93E89631686}.Release|x64.ActiveCfg = Release|Any CPU
		{4C5F84E3-37D4-47AF-941E-E93E89631686}.Release|x64.Build.0 = Release|Any CPU
		{4C5F84E3-37D4-47AF-941E-E93E89631686}.Release|x86.ActiveCfg = Release|Any CPU
		{4C5F84E3-37D4-47AF-941E-E93E89631686}.Release|x86.Build.0 = Release|Any CPU
		{631FEF65-5538-49C5-BC52-3823B5F2F7E4}.Debug|Any CPU.ActiveCfg = Debug|Any CPU
		{631FEF65-5538-49C5-BC52-3823B5F2F7E4}.Debug|Any CPU.Build.0 = Debug|Any CPU
		{631FEF65-5538-49C5-BC52-3823B5F2F7E4}.Debug|x64.ActiveCfg = Debug|Any CPU
		{631FEF65-5538-49C5-BC52-3823B5F2F7E4}.Debug|x64.Build.0 = Debug|Any CPU
		{631FEF65-5538-49C5-BC52-3823B5F2F7E4}.Debug|x86.ActiveCfg = Debug|Any CPU
		{631FEF65-5538-49C5-BC52-3823B5F2F7E4}.Debug|x86.Build.0 = Debug|Any CPU
		{631FEF65-5538-49C5-BC52-3823B5F2F7E4}.Release|Any CPU.ActiveCfg = Release|Any CPU
		{631FEF65-5538-49C5-BC52-3823B5F2F7E4}.Release|Any CPU.Build.0 = Release|Any CPU
		{631FEF65-5538-49C5-BC52-3823B5F2F7E4}.Release|x64.ActiveCfg = Release|Any CPU
		{631FEF65-5538-49C5-BC52-3823B5F2F7E4}.Release|x64.Build.0 = Release|Any CPU
		{631FEF65-5538-49C5-BC52-3823B5F2F7E4}.Release|x86.ActiveCfg = Release|Any CPU
		{631FEF65-5538-49C5-BC52-3823B5F2F7E4}.Release|x86.Build.0 = Release|Any CPU
		{F91A2A6C-7C18-4E06-8618-4CF66C14A3F7}.Debug|Any CPU.ActiveCfg = Debug|Any CPU
		{F91A2A6C-7C18-4E06-8618-4CF66C14A3F7}.Debug|Any CPU.Build.0 = Debug|Any CPU
		{F91A2A6C-7C18-4E06-8618-4CF66C14A3F7}.Debug|x64.ActiveCfg = Debug|Any CPU
		{F91A2A6C-7C18-4E06-8618-4CF66C14A3F7}.Debug|x64.Build.0 = Debug|Any CPU
		{F91A2A6C-7C18-4E06-8618-4CF66C14A3F7}.Debug|x86.ActiveCfg = Debug|Any CPU
		{F91A2A6C-7C18-4E06-8618-4CF66C14A3F7}.Debug|x86.Build.0 = Debug|Any CPU
		{F91A2A6C-7C18-4E06-8618-4CF66C14A3F7}.Release|Any CPU.ActiveCfg = Release|Any CPU
		{F91A2A6C-7C18-4E06-8618-4CF66C14A3F7}.Release|Any CPU.Build.0 = Release|Any CPU
		{F91A2A6C-7C18-4E06-8618-4CF66C14A3F7}.Release|x64.ActiveCfg = Release|Any CPU
		{F91A2A6C-7C18-4E06-8618-4CF66C14A3F7}.Release|x64.Build.0 = Release|Any CPU
		{F91A2A6C-7C18-4E06-8618-4CF66C14A3F7}.Release|x86.ActiveCfg = Release|Any CPU
		{F91A2A6C-7C18-4E06-8618-4CF66C14A3F7}.Release|x86.Build.0 = Release|Any CPU
		{D6644786-EB0B-4D4C-AC86-409F7411C080}.Debug|Any CPU.ActiveCfg = Debug|Any CPU
		{D6644786-EB0B-4D4C-AC86-409F7411C080}.Debug|Any CPU.Build.0 = Debug|Any CPU
		{D6644786-EB0B-4D4C-AC86-409F7411C080}.Debug|x64.ActiveCfg = Debug|Any CPU
		{D6644786-EB0B-4D4C-AC86-409F7411C080}.Debug|x64.Build.0 = Debug|Any CPU
		{D6644786-EB0B-4D4C-AC86-409F7411C080}.Debug|x86.ActiveCfg = Debug|Any CPU
		{D6644786-EB0B-4D4C-AC86-409F7411C080}.Debug|x86.Build.0 = Debug|Any CPU
		{D6644786-EB0B-4D4C-AC86-409F7411C080}.Release|Any CPU.ActiveCfg = Release|Any CPU
		{D6644786-EB0B-4D4C-AC86-409F7411C080}.Release|Any CPU.Build.0 = Release|Any CPU
		{D6644786-EB0B-4D4C-AC86-409F7411C080}.Release|x64.ActiveCfg = Release|Any CPU
		{D6644786-EB0B-4D4C-AC86-409F7411C080}.Release|x64.Build.0 = Release|Any CPU
		{D6644786-EB0B-4D4C-AC86-409F7411C080}.Release|x86.ActiveCfg = Release|Any CPU
		{D6644786-EB0B-4D4C-AC86-409F7411C080}.Release|x86.Build.0 = Release|Any CPU
	EndGlobalSection
	GlobalSection(SolutionProperties) = preSolution
		HideSolutionNode = FALSE
	EndGlobalSection
	GlobalSection(NestedProjects) = preSolution
		{57F28F67-AD4C-44B3-8086-D27B3D4D3B8E} = {827E0CD3-B72D-47B6-A68D-7590B98EB39B}
		{02DCCCA3-26E6-47D6-8DCF-627B249F0ADE} = {827E0CD3-B72D-47B6-A68D-7590B98EB39B}
		{4B7AE2E3-DB9F-4AA0-9499-3A7DF6B5A7F4} = {827E0CD3-B72D-47B6-A68D-7590B98EB39B}
		{4EE02623-3AA2-40AC-BEA2-B659D2040119} = {827E0CD3-B72D-47B6-A68D-7590B98EB39B}
		{09A5EAA1-3077-469A-8DB0-CF882A06F36B} = {827E0CD3-B72D-47B6-A68D-7590B98EB39B}
		{A7A27988-8633-4B8A-8632-6BAE204837BC} = {827E0CD3-B72D-47B6-A68D-7590B98EB39B}
		{BBD309A7-F8B4-44C3-BD1B-8A3AE71CA0D7} = {827E0CD3-B72D-47B6-A68D-7590B98EB39B}
		{4C5F84E3-37D4-47AF-941E-E93E89631686} = {827E0CD3-B72D-47B6-A68D-7590B98EB39B}
		{631FEF65-5538-49C5-BC52-3823B5F2F7E4} = {827E0CD3-B72D-47B6-A68D-7590B98EB39B}
		{F91A2A6C-7C18-4E06-8618-4CF66C14A3F7} = {827E0CD3-B72D-47B6-A68D-7590B98EB39B}
		{D6644786-EB0B-4D4C-AC86-409F7411C080} = {827E0CD3-B72D-47B6-A68D-7590B98EB39B}
	EndGlobalSection
EndGlobal
